
Microsoft Visual Studio Solution File, Format Version 12.00
# Visual Studio 15
Project("{FAE04EC0-301F-11D3-BF4B-00C04F79EFBC}") = "Assembly-CSharp", "Assembly-CSharp.csproj", "{0725333E-4F8C-6C83-220E-A9DA9FF15D72}"
EndProject
Project("{FAE04EC0-301F-11D3-BF4B-00C04F79EFBC}") = "Assembly-CSharp-Editor", "Assembly-CSharp-Editor.csproj", "{46D7637F-A9F7-BE02-418B-3A5A8A9BB464}"
EndProject
Global
	GlobalSection(SolutionConfigurationPlatforms) = preSolution
		Debug|Any CPU = Debug|Any CPU
		Release|Any CPU = Release|Any CPU
	EndGlobalSection
	GlobalSection(ProjectConfigurationPlatforms) = postSolution
		{0725333E-4F8C-6C83-220E-A9DA9FF15D72}.Debug|Any CPU.ActiveCfg = Debug|Any CPU
		{0725333E-4F8C-6C83-220E-A9DA9FF15D72}.Debug|Any CPU.Build.0 = Debug|Any CPU
		{0725333E-4F8C-6C83-220E-A9DA9FF15D72}.Release|Any CPU.ActiveCfg = Release|Any CPU
		{0725333E-4F8C-6C83-220E-A9DA9FF15D72}.Release|Any CPU.Build.0 = Release|Any CPU
		{46D7637F-A9F7-BE02-418B-3A5A8A9BB464}.Debug|Any CPU.ActiveCfg = Debug|Any CPU
		{46D7637F-A9F7-BE02-418B-3A5A8A9BB464}.Debug|Any CPU.Build.0 = Debug|Any CPU
		{46D7637F-A9F7-BE02-418B-3A5A8A9BB464}.Release|Any CPU.ActiveCfg = Release|Any CPU
		{46D7637F-A9F7-BE02-418B-3A5A8A9BB464}.Release|Any CPU.Build.0 = Release|Any CPU
	EndGlobalSection
	GlobalSection(SolutionProperties) = preSolution
		HideSolutionNode = FALSE
	EndGlobalSection
EndGlobal
